
Microsoft Visual Studio Solution File, Format Version 12.00
# Visual Studio 2012
Project("{FAE04EC0-301F-11D3-BF4B-00C04F79EFBC}") = "SparklrWP", "SparklrWP\SparklrWP.csproj", "{50B5E547-901C-4CB3-A9CB-C889ED02974C}"
EndProject
Project("{2150E333-8FDC-42A3-9474-1A3956D46DE8}") = ".nuget", ".nuget", "{CC259C67-1B9F-4C88-917C-258DA840DE32}"
	ProjectSection(SolutionItems) = preProject
		.nuget\NuGet.Config = .nuget\NuGet.Config
		.nuget\NuGet.exe = .nuget\NuGet.exe
		.nuget\NuGet.targets = .nuget\NuGet.targets
	EndProjectSection
EndProject
Project("{FAE04EC0-301F-11D3-BF4B-00C04F79EFBC}") = "PortableSparklrLib", "SparklrLib\PortableSparklrLib.csproj", "{CA9BF114-7BE3-46F9-9D35-29035C4CCEF4}"
EndProject
Project("{FAE04EC0-301F-11D3-BF4B-00C04F79EFBC}") = "SparklrLib", "SparklrLib\SparklrLib.csproj", "{ACE8C69F-6016-407E-8232-3027DF9CD9F2}"
EndProject
Project("{FAE04EC0-301F-11D3-BF4B-00C04F79EFBC}") = "SparklrWP Background Agent", "SparklrWP Background Agent\SparklrWP Background Agent.csproj", "{032C5913-F811-43CD-9379-176A9EDBBD64}"
EndProject
Project("{FAE04EC0-301F-11D3-BF4B-00C04F79EFBC}") = "SparklrWP.Utils", "SparklrWP.Utils\SparklrWP.Utils.csproj", "{B1D8510B-6F57-44A3-B6F3-191BB9F68BA0}"
EndProject
Project("{FAE04EC0-301F-11D3-BF4B-00C04F79EFBC}") = "LinkSparklrWP", "LinkSparklrWP\LinkSparklrWP.csproj", "{4DE4B4EE-9518-434A-95CB-4BDA480D5AC0}"
EndProject
Global
	GlobalSection(SolutionConfigurationPlatforms) = preSolution
		Debug|Any CPU = Debug|Any CPU
		Debug|ARM = Debug|ARM
		Debug|x86 = Debug|x86
		Release|Any CPU = Release|Any CPU
		Release|ARM = Release|ARM
		Release|x86 = Release|x86
		ReleaseDEVELOPERS|Any CPU = ReleaseDEVELOPERS|Any CPU
		ReleaseDEVELOPERS|ARM = ReleaseDEVELOPERS|ARM
		ReleaseDEVELOPERS|x86 = ReleaseDEVELOPERS|x86
		Debug|iPhoneSimulator = Debug|iPhoneSimulator
		Release|iPhoneSimulator = Release|iPhoneSimulator
		Debug|iPhone = Debug|iPhone
		Release|iPhone = Release|iPhone
		Ad-Hoc|iPhone = Ad-Hoc|iPhone
		AppStore|iPhone = AppStore|iPhone
	EndGlobalSection
	GlobalSection(ProjectConfigurationPlatforms) = postSolution
		{032C5913-F811-43CD-9379-176A9EDBBD64}.Ad-Hoc|Any CPU.ActiveCfg = ReleaseDEVELOPERS|Any CPU
		{032C5913-F811-43CD-9379-176A9EDBBD64}.Ad-Hoc|Any CPU.Build.0 = ReleaseDEVELOPERS|Any CPU
		{032C5913-F811-43CD-9379-176A9EDBBD64}.Ad-Hoc|ARM.ActiveCfg = ReleaseDEVELOPERS|ARM
		{032C5913-F811-43CD-9379-176A9EDBBD64}.Ad-Hoc|ARM.Build.0 = ReleaseDEVELOPERS|ARM
		{032C5913-F811-43CD-9379-176A9EDBBD64}.Ad-Hoc|iPhone.ActiveCfg = ReleaseDEVELOPERS|Any CPU
		{032C5913-F811-43CD-9379-176A9EDBBD64}.Ad-Hoc|iPhoneSimulator.ActiveCfg = ReleaseDEVELOPERS|Any CPU
		{032C5913-F811-43CD-9379-176A9EDBBD64}.Ad-Hoc|x86.ActiveCfg = ReleaseDEVELOPERS|x86
		{032C5913-F811-43CD-9379-176A9EDBBD64}.Ad-Hoc|x86.Build.0 = ReleaseDEVELOPERS|x86
		{032C5913-F811-43CD-9379-176A9EDBBD64}.AppStore|Any CPU.ActiveCfg = ReleaseDEVELOPERS|Any CPU
		{032C5913-F811-43CD-9379-176A9EDBBD64}.AppStore|Any CPU.Build.0 = ReleaseDEVELOPERS|Any CPU
		{032C5913-F811-43CD-9379-176A9EDBBD64}.AppStore|ARM.ActiveCfg = ReleaseDEVELOPERS|ARM
		{032C5913-F811-43CD-9379-176A9EDBBD64}.AppStore|ARM.Build.0 = ReleaseDEVELOPERS|ARM
		{032C5913-F811-43CD-9379-176A9EDBBD64}.AppStore|iPhone.ActiveCfg = ReleaseDEVELOPERS|Any CPU
		{032C5913-F811-43CD-9379-176A9EDBBD64}.AppStore|iPhoneSimulator.ActiveCfg = ReleaseDEVELOPERS|Any CPU
		{032C5913-F811-43CD-9379-176A9EDBBD64}.AppStore|x86.ActiveCfg = ReleaseDEVELOPERS|x86
		{032C5913-F811-43CD-9379-176A9EDBBD64}.AppStore|x86.Build.0 = ReleaseDEVELOPERS|x86
		{032C5913-F811-43CD-9379-176A9EDBBD64}.Debug|Any CPU.ActiveCfg = Debug|Any CPU
		{032C5913-F811-43CD-9379-176A9EDBBD64}.Debug|Any CPU.Build.0 = Debug|Any CPU
		{032C5913-F811-43CD-9379-176A9EDBBD64}.Debug|ARM.ActiveCfg = Debug|Any CPU
		{032C5913-F811-43CD-9379-176A9EDBBD64}.Debug|iPhone.ActiveCfg = Debug|Any CPU
		{032C5913-F811-43CD-9379-176A9EDBBD64}.Debug|iPhoneSimulator.ActiveCfg = Debug|Any CPU
		{032C5913-F811-43CD-9379-176A9EDBBD64}.Debug|Any CPU.ActiveCfg = Debug|Any CPU
		{032C5913-F811-43CD-9379-176A9EDBBD64}.Debug|Any CPU.Build.0 = Debug|Any CPU
		{032C5913-F811-43CD-9379-176A9EDBBD64}.Debug|ARM.ActiveCfg = Debug|Any CPU
		{032C5913-F811-43CD-9379-176A9EDBBD64}.Debug|x86.ActiveCfg = Debug|Any CPU
		{032C5913-F811-43CD-9379-176A9EDBBD64}.Release|Any CPU.ActiveCfg = Release|Any CPU
		{032C5913-F811-43CD-9379-176A9EDBBD64}.Release|Any CPU.Build.0 = Release|Any CPU
		{032C5913-F811-43CD-9379-176A9EDBBD64}.Release|ARM.ActiveCfg = Release|Any CPU
		{032C5913-F811-43CD-9379-176A9EDBBD64}.Release|iPhone.ActiveCfg = Release|Any CPU
		{032C5913-F811-43CD-9379-176A9EDBBD64}.Release|iPhoneSimulator.ActiveCfg = Release|Any CPU
		{032C5913-F811-43CD-9379-176A9EDBBD64}.Release|x86.ActiveCfg = Release|Any CPU
		{032C5913-F811-43CD-9379-176A9EDBBD64}.ReleaseDEVELOPERS|Any CPU.ActiveCfg = ReleaseDEVELOPERS|Any CPU
		{032C5913-F811-43CD-9379-176A9EDBBD64}.ReleaseDEVELOPERS|Any CPU.Build.0 = ReleaseDEVELOPERS|Any CPU
		{032C5913-F811-43CD-9379-176A9EDBBD64}.ReleaseDEVELOPERS|ARM.ActiveCfg = ReleaseDEVELOPERS|Any CPU
		{032C5913-F811-43CD-9379-176A9EDBBD64}.ReleaseDEVELOPERS|iPhone.ActiveCfg = ReleaseDEVELOPERS|Any CPU
		{032C5913-F811-43CD-9379-176A9EDBBD64}.ReleaseDEVELOPERS|iPhoneSimulator.ActiveCfg = ReleaseDEVELOPERS|Any CPU
		{032C5913-F811-43CD-9379-176A9EDBBD64}.ReleaseDEVELOPERS|x86.ActiveCfg = ReleaseDEVELOPERS|Any CPU
		{4DE4B4EE-9518-434A-95CB-4BDA480D5AC0}.Ad-Hoc|Any CPU.ActiveCfg = ReleaseDEVELOPERS|Any CPU
		{4DE4B4EE-9518-434A-95CB-4BDA480D5AC0}.Ad-Hoc|Any CPU.Build.0 = ReleaseDEVELOPERS|Any CPU
		{4DE4B4EE-9518-434A-95CB-4BDA480D5AC0}.Ad-Hoc|Any CPU.Deploy.0 = ReleaseDEVELOPERS|Any CPU
		{4DE4B4EE-9518-434A-95CB-4BDA480D5AC0}.Ad-Hoc|ARM.ActiveCfg = ReleaseDEVELOPERS|ARM
		{4DE4B4EE-9518-434A-95CB-4BDA480D5AC0}.Ad-Hoc|ARM.Build.0 = ReleaseDEVELOPERS|ARM
		{4DE4B4EE-9518-434A-95CB-4BDA480D5AC0}.Ad-Hoc|ARM.Deploy.0 = ReleaseDEVELOPERS|ARM
		{4DE4B4EE-9518-434A-95CB-4BDA480D5AC0}.Ad-Hoc|iPhone.ActiveCfg = ReleaseDEVELOPERS|Any CPU
		{4DE4B4EE-9518-434A-95CB-4BDA480D5AC0}.Ad-Hoc|iPhoneSimulator.ActiveCfg = ReleaseDEVELOPERS|Any CPU
		{4DE4B4EE-9518-434A-95CB-4BDA480D5AC0}.Ad-Hoc|x86.ActiveCfg = ReleaseDEVELOPERS|x86
		{4DE4B4EE-9518-434A-95CB-4BDA480D5AC0}.Ad-Hoc|x86.Build.0 = ReleaseDEVELOPERS|x86
		{4DE4B4EE-9518-434A-95CB-4BDA480D5AC0}.Ad-Hoc|x86.Deploy.0 = ReleaseDEVELOPERS|x86
		{4DE4B4EE-9518-434A-95CB-4BDA480D5AC0}.AppStore|Any CPU.ActiveCfg = ReleaseDEVELOPERS|Any CPU
		{4DE4B4EE-9518-434A-95CB-4BDA480D5AC0}.AppStore|Any CPU.Build.0 = ReleaseDEVELOPERS|Any CPU
		{4DE4B4EE-9518-434A-95CB-4BDA480D5AC0}.AppStore|Any CPU.Deploy.0 = ReleaseDEVELOPERS|Any CPU
		{4DE4B4EE-9518-434A-95CB-4BDA480D5AC0}.AppStore|ARM.ActiveCfg = ReleaseDEVELOPERS|ARM
		{4DE4B4EE-9518-434A-95CB-4BDA480D5AC0}.AppStore|ARM.Build.0 = ReleaseDEVELOPERS|ARM
		{4DE4B4EE-9518-434A-95CB-4BDA480D5AC0}.AppStore|ARM.Deploy.0 = ReleaseDEVELOPERS|ARM
		{4DE4B4EE-9518-434A-95CB-4BDA480D5AC0}.AppStore|iPhone.ActiveCfg = ReleaseDEVELOPERS|Any CPU
		{4DE4B4EE-9518-434A-95CB-4BDA480D5AC0}.AppStore|iPhoneSimulator.ActiveCfg = ReleaseDEVELOPERS|Any CPU
		{4DE4B4EE-9518-434A-95CB-4BDA480D5AC0}.AppStore|x86.ActiveCfg = ReleaseDEVELOPERS|x86
		{4DE4B4EE-9518-434A-95CB-4BDA480D5AC0}.AppStore|x86.Build.0 = ReleaseDEVELOPERS|x86
		{4DE4B4EE-9518-434A-95CB-4BDA480D5AC0}.AppStore|x86.Deploy.0 = ReleaseDEVELOPERS|x86
		{032C5913-F811-43CD-9379-176A9EDBBD64}.ReleaseDEVELOPERS|x86.ActiveCfg = ReleaseDEVELOPERS|Any CPU
		{0754458A-7AFC-463A-B27D-2F6980522119}.Debug|Any CPU.ActiveCfg = Debug|Any CPU
		{0754458A-7AFC-463A-B27D-2F6980522119}.Debug|Any CPU.Build.0 = Debug|Any CPU
		{0754458A-7AFC-463A-B27D-2F6980522119}.Debug|ARM.ActiveCfg = Debug|Any CPU
		{0754458A-7AFC-463A-B27D-2F6980522119}.Debug|x86.ActiveCfg = Debug|Any CPU
		{0754458A-7AFC-463A-B27D-2F6980522119}.Release|Any CPU.ActiveCfg = Release|Any CPU
		{0754458A-7AFC-463A-B27D-2F6980522119}.Release|Any CPU.Build.0 = Release|Any CPU
		{0754458A-7AFC-463A-B27D-2F6980522119}.Release|ARM.ActiveCfg = Release|Any CPU
		{0754458A-7AFC-463A-B27D-2F6980522119}.Release|x86.ActiveCfg = Release|Any CPU
		{0754458A-7AFC-463A-B27D-2F6980522119}.ReleaseDEVELOPERS|Any CPU.ActiveCfg = ReleaseDEVELOPERS|Any CPU
		{0754458A-7AFC-463A-B27D-2F6980522119}.ReleaseDEVELOPERS|Any CPU.Build.0 = ReleaseDEVELOPERS|Any CPU
		{0754458A-7AFC-463A-B27D-2F6980522119}.ReleaseDEVELOPERS|ARM.ActiveCfg = ReleaseDEVELOPERS|Any CPU
		{0754458A-7AFC-463A-B27D-2F6980522119}.ReleaseDEVELOPERS|x86.ActiveCfg = ReleaseDEVELOPERS|Any CPU
		{134E5664-FD97-4FB3-9A2B-740B61B3A781}.Debug|Any CPU.ActiveCfg = Debug|Any CPU
		{134E5664-FD97-4FB3-9A2B-740B61B3A781}.Debug|Any CPU.Build.0 = Debug|Any CPU
		{134E5664-FD97-4FB3-9A2B-740B61B3A781}.Debug|ARM.ActiveCfg = Debug|Any CPU
		{134E5664-FD97-4FB3-9A2B-740B61B3A781}.Debug|ARM.Build.0 = Debug|Any CPU
		{134E5664-FD97-4FB3-9A2B-740B61B3A781}.Debug|x86.ActiveCfg = Debug|Any CPU
		{134E5664-FD97-4FB3-9A2B-740B61B3A781}.Debug|x86.Build.0 = Debug|Any CPU
		{134E5664-FD97-4FB3-9A2B-740B61B3A781}.Release|Any CPU.ActiveCfg = Release|Any CPU
		{134E5664-FD97-4FB3-9A2B-740B61B3A781}.Release|Any CPU.Build.0 = Release|Any CPU
		{134E5664-FD97-4FB3-9A2B-740B61B3A781}.Release|ARM.ActiveCfg = Release|Any CPU
		{134E5664-FD97-4FB3-9A2B-740B61B3A781}.Release|ARM.Build.0 = Release|Any CPU
		{134E5664-FD97-4FB3-9A2B-740B61B3A781}.Release|x86.ActiveCfg = Release|Any CPU
		{134E5664-FD97-4FB3-9A2B-740B61B3A781}.Release|x86.Build.0 = Release|Any CPU
		{134E5664-FD97-4FB3-9A2B-740B61B3A781}.ReleaseDEVELOPERS|Any CPU.ActiveCfg = Debug|Any CPU
		{134E5664-FD97-4FB3-9A2B-740B61B3A781}.ReleaseDEVELOPERS|Any CPU.Build.0 = Debug|Any CPU
		{134E5664-FD97-4FB3-9A2B-740B61B3A781}.ReleaseDEVELOPERS|ARM.ActiveCfg = Debug|Any CPU
		{134E5664-FD97-4FB3-9A2B-740B61B3A781}.ReleaseDEVELOPERS|ARM.Build.0 = Debug|Any CPU
		{134E5664-FD97-4FB3-9A2B-740B61B3A781}.ReleaseDEVELOPERS|x86.ActiveCfg = Debug|Any CPU
		{134E5664-FD97-4FB3-9A2B-740B61B3A781}.ReleaseDEVELOPERS|x86.Build.0 = Debug|Any CPU
		{27B6E92A-3C7C-4FC5-A471-0981645B74C9}.Ad-Hoc|iPhone.ActiveCfg = Ad-Hoc|iPhone
		{27B6E92A-3C7C-4FC5-A471-0981645B74C9}.Ad-Hoc|iPhone.Build.0 = Ad-Hoc|iPhone
		{27B6E92A-3C7C-4FC5-A471-0981645B74C9}.AppStore|iPhone.ActiveCfg = AppStore|iPhone
		{27B6E92A-3C7C-4FC5-A471-0981645B74C9}.AppStore|iPhone.Build.0 = AppStore|iPhone
		{27B6E92A-3C7C-4FC5-A471-0981645B74C9}.Debug|Any CPU.ActiveCfg = Debug|iPhoneSimulator
		{27B6E92A-3C7C-4FC5-A471-0981645B74C9}.Debug|Any CPU.Build.0 = Debug|iPhoneSimulator
		{27B6E92A-3C7C-4FC5-A471-0981645B74C9}.Debug|ARM.ActiveCfg = Debug|iPhoneSimulator
		{27B6E92A-3C7C-4FC5-A471-0981645B74C9}.Debug|ARM.Build.0 = Debug|iPhoneSimulator
		{27B6E92A-3C7C-4FC5-A471-0981645B74C9}.Debug|iPhone.ActiveCfg = Debug|iPhone
		{27B6E92A-3C7C-4FC5-A471-0981645B74C9}.Debug|iPhone.Build.0 = Debug|iPhone
		{27B6E92A-3C7C-4FC5-A471-0981645B74C9}.Debug|iPhoneSimulator.ActiveCfg = Debug|iPhoneSimulator
		{27B6E92A-3C7C-4FC5-A471-0981645B74C9}.Debug|iPhoneSimulator.Build.0 = Debug|iPhoneSimulator
		{27B6E92A-3C7C-4FC5-A471-0981645B74C9}.Debug|x86.ActiveCfg = Debug|iPhoneSimulator
		{27B6E92A-3C7C-4FC5-A471-0981645B74C9}.Debug|x86.Build.0 = Debug|iPhoneSimulator
		{27B6E92A-3C7C-4FC5-A471-0981645B74C9}.Release|Any CPU.ActiveCfg = Release|iPhoneSimulator
		{27B6E92A-3C7C-4FC5-A471-0981645B74C9}.Release|Any CPU.Build.0 = Release|iPhoneSimulator
		{27B6E92A-3C7C-4FC5-A471-0981645B74C9}.Release|ARM.ActiveCfg = Release|iPhoneSimulator
		{27B6E92A-3C7C-4FC5-A471-0981645B74C9}.Release|ARM.Build.0 = Release|iPhoneSimulator
		{27B6E92A-3C7C-4FC5-A471-0981645B74C9}.Release|iPhone.ActiveCfg = Release|iPhone
		{27B6E92A-3C7C-4FC5-A471-0981645B74C9}.Release|iPhone.Build.0 = Release|iPhone
		{27B6E92A-3C7C-4FC5-A471-0981645B74C9}.Release|iPhoneSimulator.ActiveCfg = Release|iPhoneSimulator
		{27B6E92A-3C7C-4FC5-A471-0981645B74C9}.Release|iPhoneSimulator.Build.0 = Release|iPhoneSimulator
		{27B6E92A-3C7C-4FC5-A471-0981645B74C9}.Release|x86.ActiveCfg = Release|iPhoneSimulator
		{27B6E92A-3C7C-4FC5-A471-0981645B74C9}.Release|x86.Build.0 = Release|iPhoneSimulator
		{27B6E92A-3C7C-4FC5-A471-0981645B74C9}.ReleaseDEVELOPERS|Any CPU.ActiveCfg = Debug|iPhoneSimulator
		{27B6E92A-3C7C-4FC5-A471-0981645B74C9}.ReleaseDEVELOPERS|Any CPU.Build.0 = Debug|iPhoneSimulator
		{27B6E92A-3C7C-4FC5-A471-0981645B74C9}.ReleaseDEVELOPERS|ARM.ActiveCfg = Debug|iPhoneSimulator
		{27B6E92A-3C7C-4FC5-A471-0981645B74C9}.ReleaseDEVELOPERS|ARM.Build.0 = Debug|iPhoneSimulator
		{27B6E92A-3C7C-4FC5-A471-0981645B74C9}.ReleaseDEVELOPERS|x86.ActiveCfg = Debug|iPhoneSimulator
		{27B6E92A-3C7C-4FC5-A471-0981645B74C9}.ReleaseDEVELOPERS|x86.Build.0 = Debug|iPhoneSimulator
		{4DE4B4EE-9518-434A-95CB-4BDA480D5AC0}.Debug|Any CPU.ActiveCfg = Debug|Any CPU
		{4DE4B4EE-9518-434A-95CB-4BDA480D5AC0}.Debug|Any CPU.Build.0 = Debug|Any CPU
		{4DE4B4EE-9518-434A-95CB-4BDA480D5AC0}.Debug|Any CPU.Deploy.0 = Debug|Any CPU
		{4DE4B4EE-9518-434A-95CB-4BDA480D5AC0}.Debug|ARM.ActiveCfg = Debug|Any CPU
		{4DE4B4EE-9518-434A-95CB-4BDA480D5AC0}.Debug|iPhone.ActiveCfg = Debug|Any CPU
		{4DE4B4EE-9518-434A-95CB-4BDA480D5AC0}.Debug|iPhoneSimulator.ActiveCfg = Debug|Any CPU
		{4DE4B4EE-9518-434A-95CB-4BDA480D5AC0}.Debug|x86.ActiveCfg = Debug|Any CPU
		{4DE4B4EE-9518-434A-95CB-4BDA480D5AC0}.Release|Any CPU.ActiveCfg = Release|Any CPU
		{4DE4B4EE-9518-434A-95CB-4BDA480D5AC0}.Release|Any CPU.Build.0 = Release|Any CPU
		{4DE4B4EE-9518-434A-95CB-4BDA480D5AC0}.Release|Any CPU.Deploy.0 = Release|Any CPU
		{4DE4B4EE-9518-434A-95CB-4BDA480D5AC0}.Release|ARM.ActiveCfg = Release|Any CPU
		{4DE4B4EE-9518-434A-95CB-4BDA480D5AC0}.Release|iPhone.ActiveCfg = Release|Any CPU
		{4DE4B4EE-9518-434A-95CB-4BDA480D5AC0}.Release|iPhoneSimulator.ActiveCfg = Release|Any CPU
		{4DE4B4EE-9518-434A-95CB-4BDA480D5AC0}.Release|x86.ActiveCfg = Release|Any CPU
		{4DE4B4EE-9518-434A-95CB-4BDA480D5AC0}.ReleaseDEVELOPERS|Any CPU.ActiveCfg = ReleaseDEVELOPERS|Any CPU
		{4DE4B4EE-9518-434A-95CB-4BDA480D5AC0}.ReleaseDEVELOPERS|Any CPU.Build.0 = ReleaseDEVELOPERS|Any CPU
		{4DE4B4EE-9518-434A-95CB-4BDA480D5AC0}.ReleaseDEVELOPERS|Any CPU.Deploy.0 = ReleaseDEVELOPERS|Any CPU
		{4DE4B4EE-9518-434A-95CB-4BDA480D5AC0}.ReleaseDEVELOPERS|ARM.ActiveCfg = ReleaseDEVELOPERS|Any CPU
		{4DE4B4EE-9518-434A-95CB-4BDA480D5AC0}.ReleaseDEVELOPERS|iPhone.ActiveCfg = ReleaseDEVELOPERS|Any CPU
		{4DE4B4EE-9518-434A-95CB-4BDA480D5AC0}.ReleaseDEVELOPERS|iPhoneSimulator.ActiveCfg = ReleaseDEVELOPERS|Any CPU
		{4DE4B4EE-9518-434A-95CB-4BDA480D5AC0}.ReleaseDEVELOPERS|x86.ActiveCfg = ReleaseDEVELOPERS|Any CPU
		{50B5E547-901C-4CB3-A9CB-C889ED02974C}.Ad-Hoc|Any CPU.ActiveCfg = ReleaseDEVELOPERS|Any CPU
		{50B5E547-901C-4CB3-A9CB-C889ED02974C}.Ad-Hoc|Any CPU.Build.0 = ReleaseDEVELOPERS|Any CPU
		{50B5E547-901C-4CB3-A9CB-C889ED02974C}.Ad-Hoc|Any CPU.Deploy.0 = ReleaseDEVELOPERS|Any CPU
		{50B5E547-901C-4CB3-A9CB-C889ED02974C}.Ad-Hoc|ARM.ActiveCfg = ReleaseDEVELOPERS|ARM
		{50B5E547-901C-4CB3-A9CB-C889ED02974C}.Ad-Hoc|ARM.Build.0 = ReleaseDEVELOPERS|ARM
		{50B5E547-901C-4CB3-A9CB-C889ED02974C}.Ad-Hoc|ARM.Deploy.0 = ReleaseDEVELOPERS|ARM
		{50B5E547-901C-4CB3-A9CB-C889ED02974C}.Ad-Hoc|iPhone.ActiveCfg = ReleaseDEVELOPERS|Any CPU
		{50B5E547-901C-4CB3-A9CB-C889ED02974C}.Ad-Hoc|iPhoneSimulator.ActiveCfg = ReleaseDEVELOPERS|Any CPU
		{50B5E547-901C-4CB3-A9CB-C889ED02974C}.Ad-Hoc|x86.ActiveCfg = ReleaseDEVELOPERS|x86
		{50B5E547-901C-4CB3-A9CB-C889ED02974C}.Ad-Hoc|x86.Build.0 = ReleaseDEVELOPERS|x86
		{50B5E547-901C-4CB3-A9CB-C889ED02974C}.Ad-Hoc|x86.Deploy.0 = ReleaseDEVELOPERS|x86
		{50B5E547-901C-4CB3-A9CB-C889ED02974C}.AppStore|Any CPU.ActiveCfg = ReleaseDEVELOPERS|Any CPU
		{50B5E547-901C-4CB3-A9CB-C889ED02974C}.AppStore|Any CPU.Build.0 = ReleaseDEVELOPERS|Any CPU
		{50B5E547-901C-4CB3-A9CB-C889ED02974C}.AppStore|Any CPU.Deploy.0 = ReleaseDEVELOPERS|Any CPU
		{50B5E547-901C-4CB3-A9CB-C889ED02974C}.AppStore|ARM.ActiveCfg = ReleaseDEVELOPERS|ARM
		{50B5E547-901C-4CB3-A9CB-C889ED02974C}.AppStore|ARM.Build.0 = ReleaseDEVELOPERS|ARM
		{50B5E547-901C-4CB3-A9CB-C889ED02974C}.AppStore|ARM.Deploy.0 = ReleaseDEVELOPERS|ARM
		{50B5E547-901C-4CB3-A9CB-C889ED02974C}.AppStore|iPhone.ActiveCfg = ReleaseDEVELOPERS|Any CPU
		{50B5E547-901C-4CB3-A9CB-C889ED02974C}.AppStore|iPhoneSimulator.ActiveCfg = ReleaseDEVELOPERS|Any CPU
		{50B5E547-901C-4CB3-A9CB-C889ED02974C}.AppStore|x86.ActiveCfg = ReleaseDEVELOPERS|x86
		{50B5E547-901C-4CB3-A9CB-C889ED02974C}.AppStore|x86.Build.0 = ReleaseDEVELOPERS|x86
		{50B5E547-901C-4CB3-A9CB-C889ED02974C}.AppStore|x86.Deploy.0 = ReleaseDEVELOPERS|x86
		{4DE4B4EE-9518-434A-95CB-4BDA480D5AC0}.ReleaseDEVELOPERS|x86.ActiveCfg = ReleaseDEVELOPERS|Any CPU
		{50B5E547-901C-4CB3-A9CB-C889ED02974C}.Debug|Any CPU.ActiveCfg = Debug|Any CPU
		{50B5E547-901C-4CB3-A9CB-C889ED02974C}.Debug|Any CPU.Build.0 = Debug|Any CPU
		{50B5E547-901C-4CB3-A9CB-C889ED02974C}.Debug|Any CPU.Deploy.0 = Debug|Any CPU
		{50B5E547-901C-4CB3-A9CB-C889ED02974C}.Debug|ARM.ActiveCfg = Debug|Any CPU
		{50B5E547-901C-4CB3-A9CB-C889ED02974C}.Debug|iPhone.ActiveCfg = Debug|Any CPU
		{50B5E547-901C-4CB3-A9CB-C889ED02974C}.Debug|iPhoneSimulator.ActiveCfg = Debug|Any CPU
		{50B5E547-901C-4CB3-A9CB-C889ED02974C}.Debug|x86.ActiveCfg = Debug|Any CPU
		{50B5E547-901C-4CB3-A9CB-C889ED02974C}.Release|Any CPU.ActiveCfg = Release|Any CPU
		{50B5E547-901C-4CB3-A9CB-C889ED02974C}.Release|Any CPU.Build.0 = Release|Any CPU
		{50B5E547-901C-4CB3-A9CB-C889ED02974C}.Release|Any CPU.Deploy.0 = Release|Any CPU
		{50B5E547-901C-4CB3-A9CB-C889ED02974C}.Release|ARM.ActiveCfg = Release|Any CPU
		{50B5E547-901C-4CB3-A9CB-C889ED02974C}.Release|iPhone.ActiveCfg = Release|Any CPU
		{50B5E547-901C-4CB3-A9CB-C889ED02974C}.Release|iPhoneSimulator.ActiveCfg = Release|Any CPU
		{50B5E547-901C-4CB3-A9CB-C889ED02974C}.Release|x86.ActiveCfg = Release|Any CPU
		{50B5E547-901C-4CB3-A9CB-C889ED02974C}.ReleaseDEVELOPERS|Any CPU.ActiveCfg = ReleaseDEVELOPERS|Any CPU
		{50B5E547-901C-4CB3-A9CB-C889ED02974C}.ReleaseDEVELOPERS|Any CPU.Build.0 = ReleaseDEVELOPERS|Any CPU
		{50B5E547-901C-4CB3-A9CB-C889ED02974C}.ReleaseDEVELOPERS|Any CPU.Deploy.0 = ReleaseDEVELOPERS|Any CPU
		{50B5E547-901C-4CB3-A9CB-C889ED02974C}.ReleaseDEVELOPERS|ARM.ActiveCfg = ReleaseDEVELOPERS|Any CPU
		{50B5E547-901C-4CB3-A9CB-C889ED02974C}.ReleaseDEVELOPERS|iPhone.ActiveCfg = ReleaseDEVELOPERS|Any CPU
		{50B5E547-901C-4CB3-A9CB-C889ED02974C}.ReleaseDEVELOPERS|iPhoneSimulator.ActiveCfg = ReleaseDEVELOPERS|Any CPU
		{50B5E547-901C-4CB3-A9CB-C889ED02974C}.ReleaseDEVELOPERS|x86.ActiveCfg = ReleaseDEVELOPERS|Any CPU
		{ACE8C69F-6016-407E-8232-3027DF9CD9F2}.Ad-Hoc|Any CPU.ActiveCfg = ReleaseDEVELOPERS|Any CPU
		{ACE8C69F-6016-407E-8232-3027DF9CD9F2}.Ad-Hoc|Any CPU.Build.0 = ReleaseDEVELOPERS|Any CPU
		{ACE8C69F-6016-407E-8232-3027DF9CD9F2}.Ad-Hoc|ARM.ActiveCfg = ReleaseDEVELOPERS|ARM
		{ACE8C69F-6016-407E-8232-3027DF9CD9F2}.Ad-Hoc|ARM.Build.0 = ReleaseDEVELOPERS|ARM
		{ACE8C69F-6016-407E-8232-3027DF9CD9F2}.Ad-Hoc|iPhone.ActiveCfg = ReleaseDEVELOPERS|Any CPU
		{ACE8C69F-6016-407E-8232-3027DF9CD9F2}.Ad-Hoc|iPhoneSimulator.ActiveCfg = ReleaseDEVELOPERS|Any CPU
		{ACE8C69F-6016-407E-8232-3027DF9CD9F2}.Ad-Hoc|x86.ActiveCfg = ReleaseDEVELOPERS|x86
		{ACE8C69F-6016-407E-8232-3027DF9CD9F2}.Ad-Hoc|x86.Build.0 = ReleaseDEVELOPERS|x86
		{ACE8C69F-6016-407E-8232-3027DF9CD9F2}.AppStore|Any CPU.ActiveCfg = ReleaseDEVELOPERS|Any CPU
		{ACE8C69F-6016-407E-8232-3027DF9CD9F2}.AppStore|Any CPU.Build.0 = ReleaseDEVELOPERS|Any CPU
		{ACE8C69F-6016-407E-8232-3027DF9CD9F2}.AppStore|ARM.ActiveCfg = ReleaseDEVELOPERS|ARM
		{ACE8C69F-6016-407E-8232-3027DF9CD9F2}.AppStore|ARM.Build.0 = ReleaseDEVELOPERS|ARM
		{ACE8C69F-6016-407E-8232-3027DF9CD9F2}.AppStore|iPhone.ActiveCfg = ReleaseDEVELOPERS|Any CPU
		{ACE8C69F-6016-407E-8232-3027DF9CD9F2}.AppStore|iPhoneSimulator.ActiveCfg = ReleaseDEVELOPERS|Any CPU
		{ACE8C69F-6016-407E-8232-3027DF9CD9F2}.AppStore|x86.ActiveCfg = ReleaseDEVELOPERS|x86
		{ACE8C69F-6016-407E-8232-3027DF9CD9F2}.AppStore|x86.Build.0 = ReleaseDEVELOPERS|x86
		{ACE8C69F-6016-407E-8232-3027DF9CD9F2}.Debug|Any CPU.ActiveCfg = Debug|Any CPU
		{ACE8C69F-6016-407E-8232-3027DF9CD9F2}.Debug|Any CPU.Build.0 = Debug|Any CPU
		{ACE8C69F-6016-407E-8232-3027DF9CD9F2}.Debug|ARM.ActiveCfg = Debug|Any CPU
		{ACE8C69F-6016-407E-8232-3027DF9CD9F2}.Debug|iPhone.ActiveCfg = Debug|Any CPU
		{ACE8C69F-6016-407E-8232-3027DF9CD9F2}.Debug|iPhoneSimulator.ActiveCfg = Debug|Any CPU
		{50B5E547-901C-4CB3-A9CB-C889ED02974C}.ReleaseDEVELOPERS|x86.ActiveCfg = ReleaseDEVELOPERS|Any CPU
		{ACE8C69F-6016-407E-8232-3027DF9CD9F2}.Debug|Any CPU.ActiveCfg = Debug|Any CPU
		{ACE8C69F-6016-407E-8232-3027DF9CD9F2}.Debug|Any CPU.Build.0 = Debug|Any CPU
		{ACE8C69F-6016-407E-8232-3027DF9CD9F2}.Debug|ARM.ActiveCfg = Debug|Any CPU
		{ACE8C69F-6016-407E-8232-3027DF9CD9F2}.Debug|x86.ActiveCfg = Debug|Any CPU
		{ACE8C69F-6016-407E-8232-3027DF9CD9F2}.Release|Any CPU.ActiveCfg = Release|Any CPU
		{ACE8C69F-6016-407E-8232-3027DF9CD9F2}.Release|Any CPU.Build.0 = Release|Any CPU
		{ACE8C69F-6016-407E-8232-3027DF9CD9F2}.Release|ARM.ActiveCfg = Release|Any CPU
		{ACE8C69F-6016-407E-8232-3027DF9CD9F2}.Release|iPhone.ActiveCfg = Release|Any CPU
		{ACE8C69F-6016-407E-8232-3027DF9CD9F2}.Release|iPhoneSimulator.ActiveCfg = Release|Any CPU
		{ACE8C69F-6016-407E-8232-3027DF9CD9F2}.Release|x86.ActiveCfg = Release|Any CPU
		{ACE8C69F-6016-407E-8232-3027DF9CD9F2}.ReleaseDEVELOPERS|Any CPU.ActiveCfg = ReleaseDEVELOPERS|Any CPU
		{ACE8C69F-6016-407E-8232-3027DF9CD9F2}.ReleaseDEVELOPERS|Any CPU.Build.0 = ReleaseDEVELOPERS|Any CPU
		{ACE8C69F-6016-407E-8232-3027DF9CD9F2}.ReleaseDEVELOPERS|ARM.ActiveCfg = ReleaseDEVELOPERS|Any CPU
		{ACE8C69F-6016-407E-8232-3027DF9CD9F2}.ReleaseDEVELOPERS|iPhone.ActiveCfg = ReleaseDEVELOPERS|Any CPU
		{ACE8C69F-6016-407E-8232-3027DF9CD9F2}.ReleaseDEVELOPERS|iPhoneSimulator.ActiveCfg = ReleaseDEVELOPERS|Any CPU
		{ACE8C69F-6016-407E-8232-3027DF9CD9F2}.ReleaseDEVELOPERS|x86.ActiveCfg = ReleaseDEVELOPERS|Any CPU
		{B1D8510B-6F57-44A3-B6F3-191BB9F68BA0}.Ad-Hoc|Any CPU.ActiveCfg = ReleaseDEVELOPERS|Any CPU
		{B1D8510B-6F57-44A3-B6F3-191BB9F68BA0}.Ad-Hoc|Any CPU.Build.0 = ReleaseDEVELOPERS|Any CPU
		{B1D8510B-6F57-44A3-B6F3-191BB9F68BA0}.Ad-Hoc|ARM.ActiveCfg = ReleaseDEVELOPERS|ARM
		{B1D8510B-6F57-44A3-B6F3-191BB9F68BA0}.Ad-Hoc|ARM.Build.0 = ReleaseDEVELOPERS|ARM
		{B1D8510B-6F57-44A3-B6F3-191BB9F68BA0}.Ad-Hoc|iPhone.ActiveCfg = ReleaseDEVELOPERS|Any CPU
		{B1D8510B-6F57-44A3-B6F3-191BB9F68BA0}.Ad-Hoc|iPhoneSimulator.ActiveCfg = ReleaseDEVELOPERS|Any CPU
		{B1D8510B-6F57-44A3-B6F3-191BB9F68BA0}.Ad-Hoc|x86.ActiveCfg = ReleaseDEVELOPERS|x86
		{B1D8510B-6F57-44A3-B6F3-191BB9F68BA0}.Ad-Hoc|x86.Build.0 = ReleaseDEVELOPERS|x86
		{B1D8510B-6F57-44A3-B6F3-191BB9F68BA0}.AppStore|Any CPU.ActiveCfg = ReleaseDEVELOPERS|Any CPU
		{B1D8510B-6F57-44A3-B6F3-191BB9F68BA0}.AppStore|Any CPU.Build.0 = ReleaseDEVELOPERS|Any CPU
		{B1D8510B-6F57-44A3-B6F3-191BB9F68BA0}.AppStore|ARM.ActiveCfg = ReleaseDEVELOPERS|ARM
		{B1D8510B-6F57-44A3-B6F3-191BB9F68BA0}.AppStore|ARM.Build.0 = ReleaseDEVELOPERS|ARM
		{B1D8510B-6F57-44A3-B6F3-191BB9F68BA0}.AppStore|iPhone.ActiveCfg = ReleaseDEVELOPERS|Any CPU
		{B1D8510B-6F57-44A3-B6F3-191BB9F68BA0}.AppStore|iPhoneSimulator.ActiveCfg = ReleaseDEVELOPERS|Any CPU
		{B1D8510B-6F57-44A3-B6F3-191BB9F68BA0}.AppStore|x86.ActiveCfg = ReleaseDEVELOPERS|x86
		{B1D8510B-6F57-44A3-B6F3-191BB9F68BA0}.AppStore|x86.Build.0 = ReleaseDEVELOPERS|x86
		{B1D8510B-6F57-44A3-B6F3-191BB9F68BA0}.Debug|Any CPU.ActiveCfg = Debug|Any CPU
		{B1D8510B-6F57-44A3-B6F3-191BB9F68BA0}.Debug|Any CPU.Build.0 = Debug|Any CPU
		{B1D8510B-6F57-44A3-B6F3-191BB9F68BA0}.Debug|ARM.ActiveCfg = Debug|Any CPU
		{B1D8510B-6F57-44A3-B6F3-191BB9F68BA0}.Debug|iPhone.ActiveCfg = Debug|Any CPU
		{B1D8510B-6F57-44A3-B6F3-191BB9F68BA0}.Debug|iPhoneSimulator.ActiveCfg = Debug|Any CPU
		{ACE8C69F-6016-407E-8232-3027DF9CD9F2}.ReleaseDEVELOPERS|x86.ActiveCfg = ReleaseDEVELOPERS|Any CPU
		{B1D8510B-6F57-44A3-B6F3-191BB9F68BA0}.Debug|Any CPU.ActiveCfg = Debug|Any CPU
		{B1D8510B-6F57-44A3-B6F3-191BB9F68BA0}.Debug|Any CPU.Build.0 = Debug|Any CPU
		{B1D8510B-6F57-44A3-B6F3-191BB9F68BA0}.Debug|ARM.ActiveCfg = Debug|Any CPU
		{B1D8510B-6F57-44A3-B6F3-191BB9F68BA0}.Debug|x86.ActiveCfg = Debug|Any CPU
		{B1D8510B-6F57-44A3-B6F3-191BB9F68BA0}.Release|Any CPU.ActiveCfg = Release|Any CPU
		{B1D8510B-6F57-44A3-B6F3-191BB9F68BA0}.Release|Any CPU.Build.0 = Release|Any CPU
		{B1D8510B-6F57-44A3-B6F3-191BB9F68BA0}.Release|ARM.ActiveCfg = Release|Any CPU
		{B1D8510B-6F57-44A3-B6F3-191BB9F68BA0}.Release|iPhone.ActiveCfg = Release|Any CPU
		{B1D8510B-6F57-44A3-B6F3-191BB9F68BA0}.Release|iPhoneSimulator.ActiveCfg = Release|Any CPU
		{B1D8510B-6F57-44A3-B6F3-191BB9F68BA0}.Release|x86.ActiveCfg = Release|Any CPU
		{B1D8510B-6F57-44A3-B6F3-191BB9F68BA0}.ReleaseDEVELOPERS|Any CPU.ActiveCfg = ReleaseDEVELOPERS|Any CPU
		{B1D8510B-6F57-44A3-B6F3-191BB9F68BA0}.ReleaseDEVELOPERS|Any CPU.Build.0 = ReleaseDEVELOPERS|Any CPU
		{B1D8510B-6F57-44A3-B6F3-191BB9F68BA0}.ReleaseDEVELOPERS|ARM.ActiveCfg = ReleaseDEVELOPERS|Any CPU
		{B1D8510B-6F57-44A3-B6F3-191BB9F68BA0}.ReleaseDEVELOPERS|iPhone.ActiveCfg = ReleaseDEVELOPERS|Any CPU
		{B1D8510B-6F57-44A3-B6F3-191BB9F68BA0}.ReleaseDEVELOPERS|iPhoneSimulator.ActiveCfg = ReleaseDEVELOPERS|Any CPU
		{B1D8510B-6F57-44A3-B6F3-191BB9F68BA0}.ReleaseDEVELOPERS|x86.ActiveCfg = ReleaseDEVELOPERS|Any CPU
		{CA9BF114-7BE3-46F9-9D35-29035C4CCEF4}.Ad-Hoc|Any CPU.ActiveCfg = Release|Any CPU
		{CA9BF114-7BE3-46F9-9D35-29035C4CCEF4}.Ad-Hoc|Any CPU.Build.0 = Release|Any CPU
		{CA9BF114-7BE3-46F9-9D35-29035C4CCEF4}.Ad-Hoc|ARM.ActiveCfg = Release|Any CPU
		{CA9BF114-7BE3-46F9-9D35-29035C4CCEF4}.Ad-Hoc|iPhone.ActiveCfg = Debug|Any CPU
		{CA9BF114-7BE3-46F9-9D35-29035C4CCEF4}.Ad-Hoc|iPhone.Build.0 = Debug|Any CPU
		{CA9BF114-7BE3-46F9-9D35-29035C4CCEF4}.Ad-Hoc|iPhoneSimulator.ActiveCfg = Release|Any CPU
		{CA9BF114-7BE3-46F9-9D35-29035C4CCEF4}.Ad-Hoc|x86.ActiveCfg = Release|Any CPU
		{CA9BF114-7BE3-46F9-9D35-29035C4CCEF4}.AppStore|Any CPU.ActiveCfg = Release|Any CPU
		{CA9BF114-7BE3-46F9-9D35-29035C4CCEF4}.AppStore|Any CPU.Build.0 = Release|Any CPU
		{CA9BF114-7BE3-46F9-9D35-29035C4CCEF4}.AppStore|ARM.ActiveCfg = Release|Any CPU
		{CA9BF114-7BE3-46F9-9D35-29035C4CCEF4}.AppStore|iPhone.ActiveCfg = Debug|Any CPU
		{CA9BF114-7BE3-46F9-9D35-29035C4CCEF4}.AppStore|iPhone.Build.0 = Debug|Any CPU
		{CA9BF114-7BE3-46F9-9D35-29035C4CCEF4}.AppStore|iPhoneSimulator.ActiveCfg = Release|Any CPU
		{CA9BF114-7BE3-46F9-9D35-29035C4CCEF4}.AppStore|x86.ActiveCfg = Release|Any CPU
		{B1D8510B-6F57-44A3-B6F3-191BB9F68BA0}.ReleaseDEVELOPERS|x86.ActiveCfg = ReleaseDEVELOPERS|Any CPU
		{CA9BF114-7BE3-46F9-9D35-29035C4CCEF4}.Ad-Hoc|iPhone.ActiveCfg = Debug|Any CPU
		{CA9BF114-7BE3-46F9-9D35-29035C4CCEF4}.Ad-Hoc|iPhone.Build.0 = Debug|Any CPU
		{CA9BF114-7BE3-46F9-9D35-29035C4CCEF4}.AppStore|iPhone.ActiveCfg = Debug|Any CPU
		{CA9BF114-7BE3-46F9-9D35-29035C4CCEF4}.AppStore|iPhone.Build.0 = Debug|Any CPU
		{CA9BF114-7BE3-46F9-9D35-29035C4CCEF4}.Debug|Any CPU.ActiveCfg = Debug|Any CPU
		{CA9BF114-7BE3-46F9-9D35-29035C4CCEF4}.Debug|Any CPU.Build.0 = Debug|Any CPU
		{CA9BF114-7BE3-46F9-9D35-29035C4CCEF4}.Debug|ARM.ActiveCfg = Debug|Any CPU
		{CA9BF114-7BE3-46F9-9D35-29035C4CCEF4}.Debug|iPhone.ActiveCfg = Debug|Any CPU
		{CA9BF114-7BE3-46F9-9D35-29035C4CCEF4}.Debug|iPhone.Build.0 = Debug|Any CPU
		{CA9BF114-7BE3-46F9-9D35-29035C4CCEF4}.Debug|iPhoneSimulator.ActiveCfg = Debug|Any CPU
		{CA9BF114-7BE3-46F9-9D35-29035C4CCEF4}.Debug|iPhoneSimulator.Build.0 = Debug|Any CPU
		{CA9BF114-7BE3-46F9-9D35-29035C4CCEF4}.Debug|x86.ActiveCfg = Debug|Any CPU
		{CA9BF114-7BE3-46F9-9D35-29035C4CCEF4}.Release|Any CPU.ActiveCfg = Release|Any CPU
		{CA9BF114-7BE3-46F9-9D35-29035C4CCEF4}.Release|Any CPU.Build.0 = Release|Any CPU
		{CA9BF114-7BE3-46F9-9D35-29035C4CCEF4}.Release|ARM.ActiveCfg = Release|Any CPU
		{CA9BF114-7BE3-46F9-9D35-29035C4CCEF4}.Release|iPhone.ActiveCfg = Release|Any CPU
		{CA9BF114-7BE3-46F9-9D35-29035C4CCEF4}.Release|iPhone.Build.0 = Release|Any CPU
		{CA9BF114-7BE3-46F9-9D35-29035C4CCEF4}.Release|iPhoneSimulator.ActiveCfg = Release|Any CPU
		{CA9BF114-7BE3-46F9-9D35-29035C4CCEF4}.Release|iPhoneSimulator.Build.0 = Release|Any CPU
		{CA9BF114-7BE3-46F9-9D35-29035C4CCEF4}.Release|x86.ActiveCfg = Release|Any CPU
		{CA9BF114-7BE3-46F9-9D35-29035C4CCEF4}.ReleaseDEVELOPERS|Any CPU.ActiveCfg = Release|Any CPU
		{CA9BF114-7BE3-46F9-9D35-29035C4CCEF4}.ReleaseDEVELOPERS|ARM.ActiveCfg = Release|Any CPU
		{CA9BF114-7BE3-46F9-9D35-29035C4CCEF4}.ReleaseDEVELOPERS|iPhone.ActiveCfg = Release|Any CPU
		{CA9BF114-7BE3-46F9-9D35-29035C4CCEF4}.ReleaseDEVELOPERS|iPhoneSimulator.ActiveCfg = Release|Any CPU
		{CA9BF114-7BE3-46F9-9D35-29035C4CCEF4}.ReleaseDEVELOPERS|x86.ActiveCfg = Release|Any CPU
	EndGlobalSection
	GlobalSection(NestedProjects) = preSolution
	EndGlobalSection
	GlobalSection(MonoDevelopProperties) = preSolution
		StartupItem = SparklrWP\SparklrWP.csproj
	EndGlobalSection
	GlobalSection(SolutionProperties) = preSolution
		HideSolutionNode = FALSE
	EndGlobalSection
EndGlobal
