
Microsoft Visual Studio Solution File, Format Version 12.00
# Visual Studio 2013
VisualStudioVersion = 12.0.30324.0
MinimumVisualStudioVersion = 10.0.40219.1
Project("{2150E333-8FDC-42A3-9474-1A3956D46DE8}") = "SparklrWP", "SparklrWP", "{2232518C-E147-48F4-A4CC-26AD66BE6555}"
EndProject
Project("{D954291E-2A0B-460D-934E-DC6B0785DB48}") = "SparklrWP.Shared", "SparklrWP\SparklrWP.Shared\SparklrWP.Shared.shproj", "{0241422B-89E8-48D9-B2F1-43AA93CBA27E}"
EndProject
Project("{FAE04EC0-301F-11D3-BF4B-00C04F79EFBC}") = "SparklrWP.Windows", "SparklrWP\SparklrWP.Windows\SparklrWP.Windows.csproj", "{74279499-4CC5-446A-9565-C74D395DB319}"
EndProject
Project("{FAE04EC0-301F-11D3-BF4B-00C04F79EFBC}") = "SparklrWP.WindowsPhone", "SparklrWP\SparklrWP.WindowsPhone\SparklrWP.WindowsPhone.csproj", "{352E193E-4941-44FE-94E8-9127769DDA3A}"
EndProject
Project("{2150E333-8FDC-42A3-9474-1A3956D46DE8}") = ".nuget", ".nuget", "{90B8BD46-773A-4623-9DFC-A154B83FAD21}"
	ProjectSection(SolutionItems) = preProject
		.nuget\NuGet.Config = .nuget\NuGet.Config
		.nuget\NuGet.exe = .nuget\NuGet.exe
		.nuget\NuGet.targets = .nuget\NuGet.targets
	EndProjectSection
EndProject
Global
	GlobalSection(SharedMSBuildProjectFiles) = preSolution
		SparklrWP\SparklrWP.Shared\SparklrWP.Shared.projitems*{0241422b-89e8-48d9-b2f1-43aa93cba27e}*SharedItemsImports = 13
		SparklrWP\SparklrWP.Shared\SparklrWP.Shared.projitems*{352e193e-4941-44fe-94e8-9127769dda3a}*SharedItemsImports = 4
		SparklrWP\SparklrWP.Shared\SparklrWP.Shared.projitems*{74279499-4cc5-446a-9565-c74d395db319}*SharedItemsImports = 4
	EndGlobalSection
	GlobalSection(SolutionConfigurationPlatforms) = preSolution
		Debug|Any CPU = Debug|Any CPU
		Debug|ARM = Debug|ARM
		Debug|x64 = Debug|x64
		Debug|x86 = Debug|x86
		Release|Any CPU = Release|Any CPU
		Release|ARM = Release|ARM
		Release|x64 = Release|x64
		Release|x86 = Release|x86
	EndGlobalSection
	GlobalSection(ProjectConfigurationPlatforms) = postSolution
		{74279499-4CC5-446A-9565-C74D395DB319}.Debug|Any CPU.ActiveCfg = Debug|Any CPU
		{74279499-4CC5-446A-9565-C74D395DB319}.Debug|Any CPU.Build.0 = Debug|Any CPU
		{74279499-4CC5-446A-9565-C74D395DB319}.Debug|Any CPU.Deploy.0 = Debug|Any CPU
		{74279499-4CC5-446A-9565-C74D395DB319}.Debug|ARM.ActiveCfg = Debug|ARM
		{74279499-4CC5-446A-9565-C74D395DB319}.Debug|ARM.Build.0 = Debug|ARM
		{74279499-4CC5-446A-9565-C74D395DB319}.Debug|ARM.Deploy.0 = Debug|ARM
		{74279499-4CC5-446A-9565-C74D395DB319}.Debug|x64.ActiveCfg = Debug|x64
		{74279499-4CC5-446A-9565-C74D395DB319}.Debug|x64.Build.0 = Debug|x64
		{74279499-4CC5-446A-9565-C74D395DB319}.Debug|x64.Deploy.0 = Debug|x64
		{74279499-4CC5-446A-9565-C74D395DB319}.Debug|x86.ActiveCfg = Debug|x86
		{74279499-4CC5-446A-9565-C74D395DB319}.Debug|x86.Build.0 = Debug|x86
		{74279499-4CC5-446A-9565-C74D395DB319}.Debug|x86.Deploy.0 = Debug|x86
		{74279499-4CC5-446A-9565-C74D395DB319}.Release|Any CPU.ActiveCfg = Release|Any CPU
		{74279499-4CC5-446A-9565-C74D395DB319}.Release|Any CPU.Build.0 = Release|Any CPU
		{74279499-4CC5-446A-9565-C74D395DB319}.Release|Any CPU.Deploy.0 = Release|Any CPU
		{74279499-4CC5-446A-9565-C74D395DB319}.Release|ARM.ActiveCfg = Release|ARM
		{74279499-4CC5-446A-9565-C74D395DB319}.Release|ARM.Build.0 = Release|ARM
		{74279499-4CC5-446A-9565-C74D395DB319}.Release|ARM.Deploy.0 = Release|ARM
		{74279499-4CC5-446A-9565-C74D395DB319}.Release|x64.ActiveCfg = Release|x64
		{74279499-4CC5-446A-9565-C74D395DB319}.Release|x64.Build.0 = Release|x64
		{74279499-4CC5-446A-9565-C74D395DB319}.Release|x64.Deploy.0 = Release|x64
		{74279499-4CC5-446A-9565-C74D395DB319}.Release|x86.ActiveCfg = Release|x86
		{74279499-4CC5-446A-9565-C74D395DB319}.Release|x86.Build.0 = Release|x86
		{74279499-4CC5-446A-9565-C74D395DB319}.Release|x86.Deploy.0 = Release|x86
		{352E193E-4941-44FE-94E8-9127769DDA3A}.Debug|Any CPU.ActiveCfg = Debug|Any CPU
		{352E193E-4941-44FE-94E8-9127769DDA3A}.Debug|Any CPU.Build.0 = Debug|Any CPU
		{352E193E-4941-44FE-94E8-9127769DDA3A}.Debug|Any CPU.Deploy.0 = Debug|Any CPU
		{352E193E-4941-44FE-94E8-9127769DDA3A}.Debug|ARM.ActiveCfg = Debug|ARM
		{352E193E-4941-44FE-94E8-9127769DDA3A}.Debug|ARM.Build.0 = Debug|ARM
		{352E193E-4941-44FE-94E8-9127769DDA3A}.Debug|ARM.Deploy.0 = Debug|ARM
		{352E193E-4941-44FE-94E8-9127769DDA3A}.Debug|x64.ActiveCfg = Debug|Any CPU
		{352E193E-4941-44FE-94E8-9127769DDA3A}.Debug|x86.ActiveCfg = Debug|x86
		{352E193E-4941-44FE-94E8-9127769DDA3A}.Debug|x86.Build.0 = Debug|x86
		{352E193E-4941-44FE-94E8-9127769DDA3A}.Debug|x86.Deploy.0 = Debug|x86
		{352E193E-4941-44FE-94E8-9127769DDA3A}.Release|Any CPU.ActiveCfg = Release|Any CPU
		{352E193E-4941-44FE-94E8-9127769DDA3A}.Release|Any CPU.Build.0 = Release|Any CPU
		{352E193E-4941-44FE-94E8-9127769DDA3A}.Release|Any CPU.Deploy.0 = Release|Any CPU
		{352E193E-4941-44FE-94E8-9127769DDA3A}.Release|ARM.ActiveCfg = Release|ARM
		{352E193E-4941-44FE-94E8-9127769DDA3A}.Release|ARM.Build.0 = Release|ARM
		{352E193E-4941-44FE-94E8-9127769DDA3A}.Release|ARM.Deploy.0 = Release|ARM
		{352E193E-4941-44FE-94E8-9127769DDA3A}.Release|x64.ActiveCfg = Release|Any CPU
		{352E193E-4941-44FE-94E8-9127769DDA3A}.Release|x86.ActiveCfg = Release|x86
		{352E193E-4941-44FE-94E8-9127769DDA3A}.Release|x86.Build.0 = Release|x86
		{352E193E-4941-44FE-94E8-9127769DDA3A}.Release|x86.Deploy.0 = Release|x86
	EndGlobalSection
	GlobalSection(SolutionProperties) = preSolution
		HideSolutionNode = FALSE
	EndGlobalSection
	GlobalSection(NestedProjects) = preSolution
		{0241422B-89E8-48D9-B2F1-43AA93CBA27E} = {2232518C-E147-48F4-A4CC-26AD66BE6555}
		{74279499-4CC5-446A-9565-C74D395DB319} = {2232518C-E147-48F4-A4CC-26AD66BE6555}
		{352E193E-4941-44FE-94E8-9127769DDA3A} = {2232518C-E147-48F4-A4CC-26AD66BE6555}
	EndGlobalSection
EndGlobal
