
Microsoft Visual Studio Solution File, Format Version 12.00
# Visual Studio 2013
VisualStudioVersion = 12.0.30324.0
MinimumVisualStudioVersion = 10.0.40219.1
Project("{FAE04EC0-301F-11D3-BF4B-00C04F79EFBC}") = "SparklrSharp", "SparklrSharp\SparklrSharp.csproj", "{A9122034-0867-4837-9228-5322024335BB}"
EndProject
Project("{FAE04EC0-301F-11D3-BF4B-00C04F79EFBC}") = "SparklrTests", "SparklrTests\SparklrTests.csproj", "{C507B4F7-1DFB-4C06-BD81-8E21BB4A1196}"
EndProject
Project("{FAE04EC0-301F-11D3-BF4B-00C04F79EFBC}") = "SampleApplication.cs", "SampleApplication.cs\SampleApplication.cs.csproj", "{605E735D-9F71-4555-911F-6F8DC917575A}"
EndProject
Global
	GlobalSection(SolutionConfigurationPlatforms) = preSolution
		Debug|Any CPU = Debug|Any CPU
		Release|Any CPU = Release|Any CPU
	EndGlobalSection
	GlobalSection(ProjectConfigurationPlatforms) = postSolution
		{A9122034-0867-4837-9228-5322024335BB}.Debug|Any CPU.ActiveCfg = Debug|Any CPU
		{A9122034-0867-4837-9228-5322024335BB}.Debug|Any CPU.Build.0 = Debug|Any CPU
		{A9122034-0867-4837-9228-5322024335BB}.Release|Any CPU.ActiveCfg = Release|Any CPU
		{A9122034-0867-4837-9228-5322024335BB}.Release|Any CPU.Build.0 = Release|Any CPU
		{C507B4F7-1DFB-4C06-BD81-8E21BB4A1196}.Debug|Any CPU.ActiveCfg = Debug|Any CPU
		{C507B4F7-1DFB-4C06-BD81-8E21BB4A1196}.Debug|Any CPU.Build.0 = Debug|Any CPU
		{C507B4F7-1DFB-4C06-BD81-8E21BB4A1196}.Release|Any CPU.ActiveCfg = Release|Any CPU
		{C507B4F7-1DFB-4C06-BD81-8E21BB4A1196}.Release|Any CPU.Build.0 = Release|Any CPU
		{605E735D-9F71-4555-911F-6F8DC917575A}.Debug|Any CPU.ActiveCfg = Debug|Any CPU
		{605E735D-9F71-4555-911F-6F8DC917575A}.Debug|Any CPU.Build.0 = Debug|Any CPU
		{605E735D-9F71-4555-911F-6F8DC917575A}.Release|Any CPU.ActiveCfg = Release|Any CPU
		{605E735D-9F71-4555-911F-6F8DC917575A}.Release|Any CPU.Build.0 = Release|Any CPU
	EndGlobalSection
	GlobalSection(SolutionProperties) = preSolution
		HideSolutionNode = FALSE
	EndGlobalSection
EndGlobal
